{
  "originHash" : "7d8372bdb86640cb80ede08ccb1cc767f2f406a11d037ca50a3b404cd7bd96f2",
  "pins" : [
    {
      "identity" : "apple_kit",
      "kind" : "remoteSourceControl",
      "location" : "https://github.com/radrootslabs/apple_kit.git",
      "state" : {
        "revision" : "fdcf377466e1c25945ef561042ebc250eb68cd3a"
      }
    }
  ],
  "version" : 3
}
