SOURCE_MODE=git
RADROOTS_FIELD_LIB_GIT_URL=https://github.com/radrootslabs/app_rt.git
RADROOTS_FIELD_LIB_GIT_REV=b770841d2d2ea1cafc1d4a644d596cb8727624d9
RADROOTS_FIELD_FFI_CRATE_VERSION=0.1.0-alpha.1
RADROOTS_FIELD_SOURCE_DATE_EPOCH=1785777481
RADROOTS_FIELD_FFI_DEVICE_SHA256=a43000d20e205189b26925ff39517b573581fd9af9f85fee27ab77c04ace332b
RADROOTS_FIELD_FFI_SIMULATOR_SHA256=67ffa53e8442b25c726dce12ba5149bf6d534dadc4102733e9c8a3cc43be4144
RADROOTS_FIELD_FFI_SWIFT_SHA256=ca117f22dcdfb88c24cdc8edabe3c937ad6cbc1b2011e54f7fb1ba14246f1d8b
