override RADROOTS_FIELD_LIB_GIT_URL := https://github.com/radrootslabs/lib
override RADROOTS_FIELD_LIB_GIT_REV := a83f1388a9f6b5a8538d87f8fcbc3dbd1bacf9d3
override RADROOTS_FIELD_FFI_CRATE_VERSION := 0.1.0-alpha
override RADROOTS_FIELD_SOURCE_DATE_EPOCH := 1786301798
override RADROOTS_FIELD_FFI_DEVICE_SHA256 := 68e5ba0d052cdd2112539b735f8a7b8e527fda93778ed18be13196dcedcfa8e3
override RADROOTS_FIELD_FFI_SIMULATOR_SHA256 := c84b5707a1295a2ffaf5966dba0d90b63cac4bf379e3fdf9d7bb1b918d896130
override RADROOTS_FIELD_FFI_SWIFT_SHA256 := 4e6c9ccc80cbd83a433ac973db1a6649bfec5119600f022192d4e1efeb6b640e
override RADROOTS_FIELD_FFI_HEADER_SHA256 := bbbd0db8c09cec9e139ddc8618d160ebe85fa97e776f82e1a007e20684379f40
override RADROOTS_FIELD_FFI_MODULEMAP_SHA256 := b228e67197e2c64b6f5b17a270faf640efc0e298e354b0b3301679e7c4dc321a
override RADROOTS_FIELD_FFI_API_SHA256 := 0d4be593220cbeec149eeb14c174e932acbdd00d82e4438ac5d7e88a7d0909ea
override RADROOTS_FIELD_FFI_XCFRAMEWORK_SHA256 := c94bb6f3095154df9dffbb1c01dc2c82b42b7e6fecaee4dffb28313cee40e824
