override RADROOTS_FIELD_LIB_GIT_URL := https://github.com/radrootslabs/lib
override RADROOTS_FIELD_LIB_GIT_REV := 5667824c6f254a3e7cf8ea0680a38ada9f32fc9e
override RADROOTS_FIELD_FFI_CRATE_VERSION := 0.1.0-alpha
override RADROOTS_FIELD_SOURCE_DATE_EPOCH := 1786296716
override RADROOTS_FIELD_FFI_DEVICE_SHA256 := 52961d99e9c34786f3fe77ffc11fbf34edeeb0547c41d4b0ac88587a52a0a2bf
override RADROOTS_FIELD_FFI_SIMULATOR_SHA256 := 206930e4776f4c4cd633aa3d9754c3e8a276eaa9fc1a0a735d6939ab1a584637
override RADROOTS_FIELD_FFI_SWIFT_SHA256 := 4e6c9ccc80cbd83a433ac973db1a6649bfec5119600f022192d4e1efeb6b640e
override RADROOTS_FIELD_FFI_HEADER_SHA256 := bbbd0db8c09cec9e139ddc8618d160ebe85fa97e776f82e1a007e20684379f40
override RADROOTS_FIELD_FFI_MODULEMAP_SHA256 := b228e67197e2c64b6f5b17a270faf640efc0e298e354b0b3301679e7c4dc321a
override RADROOTS_FIELD_FFI_API_SHA256 := 0d4be593220cbeec149eeb14c174e932acbdd00d82e4438ac5d7e88a7d0909ea
override RADROOTS_FIELD_FFI_XCFRAMEWORK_SHA256 := 1508f0b6e915946bb9a3575ccefad81a123aee5f420c45671643979085b8d5f2
