// !$*UTF8*$!
{
	archiveVersion = 1;
	classes = {
	};
	objectVersion = 77;
	objects = {

/* Begin PBXBuildFile section */
		022DA21729F49893319717AA /* RelaysView.swift in Sources */ = {isa = PBXBuildFile; fileRef = C1D9496F9F05A4E79E73A247 /* RelaysView.swift */; };
		1E5B41A3E1F9A7D68F63B079 /* HomeView.swift in Sources */ = {isa = PBXBuildFile; fileRef = 0A0274A0260D1C04F40C71AF /* HomeView.swift */; };
		275D4D574BF3B3C1DD746CE7 /* ProfileView.swift in Sources */ = {isa = PBXBuildFile; fileRef = C71A93F98C7B93188748B99B /* ProfileView.swift */; };
		2B3886FD26434A54F3726591 /* Localizable.strings in Resources */ = {isa = PBXBuildFile; fileRef = 8D19AA8D515FC8F5D2407378 /* Localizable.strings */; };
		2B6ACA26689B355CECBFFB57 /* SetupView.swift in Sources */ = {isa = PBXBuildFile; fileRef = 16A7641E5C643B4B36CFEDA8 /* SetupView.swift */; };
		360F23EFE80FDBDC6983FB15 /* AppEntry.swift in Sources */ = {isa = PBXBuildFile; fileRef = D448C9655B708CA3FA8712B9 /* AppEntry.swift */; };
		4025E63F6603011431B8A0E1 /* DebugDump.swift in Sources */ = {isa = PBXBuildFile; fileRef = E7F9BFC3C8CE2F86FB7DB74B /* DebugDump.swift */; };
		5AECD474FB2F91855BDD79C0 /* PostFeedViewModel.swift in Sources */ = {isa = PBXBuildFile; fileRef = F21554DA87EEC1E5C5F38365 /* PostFeedViewModel.swift */; };
		7FD8FB018DA09568303194B2 /* Strings.swift in Sources */ = {isa = PBXBuildFile; fileRef = ADE61264E2C98E73828E8680 /* Strings.swift */; };
		8B923F78BF5B680C7F6A7CE3 /* PostFeedView.swift in Sources */ = {isa = PBXBuildFile; fileRef = 9AE0EB327C10171444553378 /* PostFeedView.swift */; };
		9121BD4A3E7C6EF2B21F540F /* CopyButton.swift in Sources */ = {isa = PBXBuildFile; fileRef = F4C7DE4207398DE242519F9C /* CopyButton.swift */; };
		A1B921027DA7ACD7343BE250 /* SectionWideButton.swift in Sources */ = {isa = PBXBuildFile; fileRef = C17CA8F5611075F60F214A00 /* SectionWideButton.swift */; };
		B971351ABE8E79A472B4DC7D /* View+Nav.swift in Sources */ = {isa = PBXBuildFile; fileRef = A0B0C9861CD86EAD3CAD549E /* View+Nav.swift */; };
		C22DB0F3EB2E69A34DF941E0 /* App.swift in Sources */ = {isa = PBXBuildFile; fileRef = 2818363B157125491FB84A1E /* App.swift */; };
		C512BD267A3E2B8F10FABB3B /* Logger.swift in Sources */ = {isa = PBXBuildFile; fileRef = 2FE790CA1CD31208947913B9 /* Logger.swift */; };
		C8AB3389F7430A5C79AD7DF8 /* SettingsView.swift in Sources */ = {isa = PBXBuildFile; fileRef = E1D12A016D1377CDFBFB0F9B /* SettingsView.swift */; };
		D3834AF9A4E1327B7DA557F3 /* CopyRow.swift in Sources */ = {isa = PBXBuildFile; fileRef = 41A4289F43625DD65E6C4B25 /* CopyRow.swift */; };
		D62E9461833A0AA5E622A1E6 /* ToastModifier.swift in Sources */ = {isa = PBXBuildFile; fileRef = 227028B4EBDC6703999FB9DA /* ToastModifier.swift */; };
		DCE468F668A3C346E716B04C /* Assets.xcassets in Resources */ = {isa = PBXBuildFile; fileRef = CCF0F7B3C57D8D770F178329 /* Assets.xcassets */; };
		E3864E34D67BAD0744B93180 /* Bundle+Build.swift in Sources */ = {isa = PBXBuildFile; fileRef = 138AA7BAA021EE13E829390B /* Bundle+Build.swift */; };
		EB7C19F62D7DAB9C044D53AA /* PostDetailView.swift in Sources */ = {isa = PBXBuildFile; fileRef = F3C0EFACAD213A69C12D5064 /* PostDetailView.swift */; };
		F32EFF00A8A852F76657FEE1 /* PostCreateView.swift in Sources */ = {isa = PBXBuildFile; fileRef = CA8AAF0C0F1723860A8481E0 /* PostCreateView.swift */; };
		F3E40E5A76B4EA19AC7603D2 /* RadrootsKit in Frameworks */ = {isa = PBXBuildFile; productRef = 2DAD90EBF8EB00ACDD7611CD /* RadrootsKit */; };
/* End PBXBuildFile section */

/* Begin PBXFileReference section */
		08FA88664E5E3ED3A24D56CC /* Release.xcconfig */ = {isa = PBXFileReference; lastKnownFileType = text.xcconfig; path = Release.xcconfig; sourceTree = "<group>"; };
		0A0274A0260D1C04F40C71AF /* HomeView.swift */ = {isa = PBXFileReference; lastKnownFileType = sourcecode.swift; path = HomeView.swift; sourceTree = "<group>"; };
		138AA7BAA021EE13E829390B /* Bundle+Build.swift */ = {isa = PBXFileReference; lastKnownFileType = sourcecode.swift; path = "Bundle+Build.swift"; sourceTree = "<group>"; };
		16A7641E5C643B4B36CFEDA8 /* SetupView.swift */ = {isa = PBXFileReference; lastKnownFileType = sourcecode.swift; path = SetupView.swift; sourceTree = "<group>"; };
		227028B4EBDC6703999FB9DA /* ToastModifier.swift */ = {isa = PBXFileReference; lastKnownFileType = sourcecode.swift; path = ToastModifier.swift; sourceTree = "<group>"; };
		2818363B157125491FB84A1E /* App.swift */ = {isa = PBXFileReference; lastKnownFileType = sourcecode.swift; path = App.swift; sourceTree = "<group>"; };
		2FE790CA1CD31208947913B9 /* Logger.swift */ = {isa = PBXFileReference; lastKnownFileType = sourcecode.swift; path = Logger.swift; sourceTree = "<group>"; };
		3FADD6E2563CC9AF9F935DCE /* RadrootsKit */ = {isa = PBXFileReference; lastKnownFileType = folder; name = RadrootsKit; path = RadrootsKit; sourceTree = SOURCE_ROOT; };
		41A4289F43625DD65E6C4B25 /* CopyRow.swift */ = {isa = PBXFileReference; lastKnownFileType = sourcecode.swift; path = CopyRow.swift; sourceTree = "<group>"; };
		4BC4B7D0BB4C6D8E4B0AA4AD /* radroots.xcconfig */ = {isa = PBXFileReference; lastKnownFileType = text.xcconfig; path = radroots.xcconfig; sourceTree = "<group>"; };
		54EE5A34FE2086899F5B7568 /* radroots.git.xcconfig */ = {isa = PBXFileReference; lastKnownFileType = text.xcconfig; path = radroots.git.xcconfig; sourceTree = "<group>"; };
		676B89EB116B60AE8C2B4313 /* Base.xcconfig */ = {isa = PBXFileReference; lastKnownFileType = text.xcconfig; path = Base.xcconfig; sourceTree = "<group>"; };
		7BCA99336E305EC789152DDE /* radroots.local.xcconfig */ = {isa = PBXFileReference; lastKnownFileType = text.xcconfig; path = radroots.local.xcconfig; sourceTree = "<group>"; };
		7C294E8EF50F5E1E73F5C135 /* Common.xcconfig */ = {isa = PBXFileReference; lastKnownFileType = text.xcconfig; path = Common.xcconfig; sourceTree = "<group>"; };
		93AA285819DD1269C3EAD80A /* Radroots.app */ = {isa = PBXFileReference; includeInIndex = 0; lastKnownFileType = wrapper.application; path = Radroots.app; sourceTree = BUILT_PRODUCTS_DIR; };
		93D729E070C32490545FA837 /* en */ = {isa = PBXFileReference; lastKnownFileType = text.plist.strings; name = en; path = en.lproj/Localizable.strings; sourceTree = "<group>"; };
		9AE0EB327C10171444553378 /* PostFeedView.swift */ = {isa = PBXFileReference; lastKnownFileType = sourcecode.swift; path = PostFeedView.swift; sourceTree = "<group>"; };
		A0B0C9861CD86EAD3CAD549E /* View+Nav.swift */ = {isa = PBXFileReference; lastKnownFileType = sourcecode.swift; path = "View+Nav.swift"; sourceTree = "<group>"; };
		ADE61264E2C98E73828E8680 /* Strings.swift */ = {isa = PBXFileReference; lastKnownFileType = sourcecode.swift; path = Strings.swift; sourceTree = "<group>"; };
		B289F4B276245ABE083D777F /* Debug.xcconfig */ = {isa = PBXFileReference; lastKnownFileType = text.xcconfig; path = Debug.xcconfig; sourceTree = "<group>"; };
		C17CA8F5611075F60F214A00 /* SectionWideButton.swift */ = {isa = PBXFileReference; lastKnownFileType = sourcecode.swift; path = SectionWideButton.swift; sourceTree = "<group>"; };
		C1D9496F9F05A4E79E73A247 /* RelaysView.swift */ = {isa = PBXFileReference; lastKnownFileType = sourcecode.swift; path = RelaysView.swift; sourceTree = "<group>"; };
		C71A93F98C7B93188748B99B /* ProfileView.swift */ = {isa = PBXFileReference; lastKnownFileType = sourcecode.swift; path = ProfileView.swift; sourceTree = "<group>"; };
		CA8AAF0C0F1723860A8481E0 /* PostCreateView.swift */ = {isa = PBXFileReference; lastKnownFileType = sourcecode.swift; path = PostCreateView.swift; sourceTree = "<group>"; };
		CCF0F7B3C57D8D770F178329 /* Assets.xcassets */ = {isa = PBXFileReference; lastKnownFileType = folder.assetcatalog; path = Assets.xcassets; sourceTree = "<group>"; };
		D448C9655B708CA3FA8712B9 /* AppEntry.swift */ = {isa = PBXFileReference; lastKnownFileType = sourcecode.swift; path = AppEntry.swift; sourceTree = "<group>"; };
		E1D12A016D1377CDFBFB0F9B /* SettingsView.swift */ = {isa = PBXFileReference; lastKnownFileType = sourcecode.swift; path = SettingsView.swift; sourceTree = "<group>"; };
		E7F9BFC3C8CE2F86FB7DB74B /* DebugDump.swift */ = {isa = PBXFileReference; lastKnownFileType = sourcecode.swift; path = DebugDump.swift; sourceTree = "<group>"; };
		F21554DA87EEC1E5C5F38365 /* PostFeedViewModel.swift */ = {isa = PBXFileReference; lastKnownFileType = sourcecode.swift; path = PostFeedViewModel.swift; sourceTree = "<group>"; };
		F3C0EFACAD213A69C12D5064 /* PostDetailView.swift */ = {isa = PBXFileReference; lastKnownFileType = sourcecode.swift; path = PostDetailView.swift; sourceTree = "<group>"; };
		F4C7DE4207398DE242519F9C /* CopyButton.swift */ = {isa = PBXFileReference; lastKnownFileType = sourcecode.swift; path = CopyButton.swift; sourceTree = "<group>"; };
/* End PBXFileReference section */

/* Begin PBXFrameworksBuildPhase section */
		1384F9BE8BB29250A1B4A26A /* Frameworks */ = {
			isa = PBXFrameworksBuildPhase;
			buildActionMask = 2147483647;
			files = (
				F3E40E5A76B4EA19AC7603D2 /* RadrootsKit in Frameworks */,
			);
			runOnlyForDeploymentPostprocessing = 0;
		};
/* End PBXFrameworksBuildPhase section */

/* Begin PBXGroup section */
		23C2D7FF63B61CD356979E82 /* App */ = {
			isa = PBXGroup;
			children = (
				2818363B157125491FB84A1E /* App.swift */,
				D448C9655B708CA3FA8712B9 /* AppEntry.swift */,
			);
			path = App;
			sourceTree = "<group>";
		};
		579F407D96CCAFD4000EF363 /* Config */ = {
			isa = PBXGroup;
			children = (
				676B89EB116B60AE8C2B4313 /* Base.xcconfig */,
				7C294E8EF50F5E1E73F5C135 /* Common.xcconfig */,
				B289F4B276245ABE083D777F /* Debug.xcconfig */,
				08FA88664E5E3ED3A24D56CC /* Release.xcconfig */,
			);
			path = Config;
			sourceTree = "<group>";
		};
		5FD6379AE27C57D02E8C7EE1 /* Radroots */ = {
			isa = PBXGroup;
			children = (
				54EE5A34FE2086899F5B7568 /* radroots.git.xcconfig */,
				7BCA99336E305EC789152DDE /* radroots.local.xcconfig */,
				4BC4B7D0BB4C6D8E4B0AA4AD /* radroots.xcconfig */,
				23C2D7FF63B61CD356979E82 /* App */,
				579F407D96CCAFD4000EF363 /* Config */,
				E9C466456E8A8EEB73EE47F5 /* Resources */,
				932F9ACAF6A7D30E34F2E375 /* Shared */,
				BD0E20D32DF34D9E7C3EBCD2 /* Views */,
			);
			path = Radroots;
			sourceTree = "<group>";
		};
		6240123423927396E47D6B3E /* Products */ = {
			isa = PBXGroup;
			children = (
				93AA285819DD1269C3EAD80A /* Radroots.app */,
			);
			name = Products;
			sourceTree = "<group>";
		};
		65EC1C4AF7DC676E78603D52 /* Localisation */ = {
			isa = PBXGroup;
			children = (
				ADE61264E2C98E73828E8680 /* Strings.swift */,
			);
			path = Localisation;
			sourceTree = "<group>";
		};
		932F9ACAF6A7D30E34F2E375 /* Shared */ = {
			isa = PBXGroup;
			children = (
				D46F444AD1818932F03AC6B6 /* Components */,
				9D22575D1FAD99FE8B6FCE6C /* Extensions */,
				65EC1C4AF7DC676E78603D52 /* Localisation */,
				F16A19713274742D956C3A4D /* Logging */,
				C5BAA3C6E2D410F0C8475D89 /* Modifiers */,
			);
			path = Shared;
			sourceTree = "<group>";
		};
		9458C318B571871852A3FD1B /* Packages */ = {
			isa = PBXGroup;
			children = (
				3FADD6E2563CC9AF9F935DCE /* RadrootsKit */,
			);
			name = Packages;
			sourceTree = "<group>";
		};
		9D22575D1FAD99FE8B6FCE6C /* Extensions */ = {
			isa = PBXGroup;
			children = (
				138AA7BAA021EE13E829390B /* Bundle+Build.swift */,
				A0B0C9861CD86EAD3CAD549E /* View+Nav.swift */,
			);
			path = Extensions;
			sourceTree = "<group>";
		};
		BD0E20D32DF34D9E7C3EBCD2 /* Views */ = {
			isa = PBXGroup;
			children = (
				0A0274A0260D1C04F40C71AF /* HomeView.swift */,
				CA8AAF0C0F1723860A8481E0 /* PostCreateView.swift */,
				F3C0EFACAD213A69C12D5064 /* PostDetailView.swift */,
				9AE0EB327C10171444553378 /* PostFeedView.swift */,
				F21554DA87EEC1E5C5F38365 /* PostFeedViewModel.swift */,
				C71A93F98C7B93188748B99B /* ProfileView.swift */,
				C1D9496F9F05A4E79E73A247 /* RelaysView.swift */,
				E1D12A016D1377CDFBFB0F9B /* SettingsView.swift */,
				16A7641E5C643B4B36CFEDA8 /* SetupView.swift */,
			);
			path = Views;
			sourceTree = "<group>";
		};
		C4F02317699AB4FA59315D05 = {
			isa = PBXGroup;
			children = (
				9458C318B571871852A3FD1B /* Packages */,
				5FD6379AE27C57D02E8C7EE1 /* Radroots */,
				6240123423927396E47D6B3E /* Products */,
			);
			sourceTree = "<group>";
		};
		C5BAA3C6E2D410F0C8475D89 /* Modifiers */ = {
			isa = PBXGroup;
			children = (
				227028B4EBDC6703999FB9DA /* ToastModifier.swift */,
			);
			path = Modifiers;
			sourceTree = "<group>";
		};
		C5BC6846E71297290E1EAA29 /* Localizations */ = {
			isa = PBXGroup;
			children = (
				8D19AA8D515FC8F5D2407378 /* Localizable.strings */,
			);
			path = Localizations;
			sourceTree = "<group>";
		};
		D46F444AD1818932F03AC6B6 /* Components */ = {
			isa = PBXGroup;
			children = (
				F4C7DE4207398DE242519F9C /* CopyButton.swift */,
				41A4289F43625DD65E6C4B25 /* CopyRow.swift */,
				C17CA8F5611075F60F214A00 /* SectionWideButton.swift */,
			);
			path = Components;
			sourceTree = "<group>";
		};
		E9C466456E8A8EEB73EE47F5 /* Resources */ = {
			isa = PBXGroup;
			children = (
				CCF0F7B3C57D8D770F178329 /* Assets.xcassets */,
				C5BC6846E71297290E1EAA29 /* Localizations */,
			);
			path = Resources;
			sourceTree = "<group>";
		};
		F16A19713274742D956C3A4D /* Logging */ = {
			isa = PBXGroup;
			children = (
				E7F9BFC3C8CE2F86FB7DB74B /* DebugDump.swift */,
				2FE790CA1CD31208947913B9 /* Logger.swift */,
			);
			path = Logging;
			sourceTree = "<group>";
		};
/* End PBXGroup section */

/* Begin PBXNativeTarget section */
		469EC50C49E7266DF1C2000B /* Radroots */ = {
			isa = PBXNativeTarget;
			buildConfigurationList = 2513910CE2A2ED545A78A163 /* Build configuration list for PBXNativeTarget "Radroots" */;
			buildPhases = (
				78F7810CC77628CB591F8CD2 /* Sources */,
				0FB0BFB846269AC353E4AD0E /* Resources */,
				1384F9BE8BB29250A1B4A26A /* Frameworks */,
			);
			buildRules = (
			);
			dependencies = (
			);
			name = Radroots;
			packageProductDependencies = (
				2DAD90EBF8EB00ACDD7611CD /* RadrootsKit */,
			);
			productName = Radroots;
			productReference = 93AA285819DD1269C3EAD80A /* Radroots.app */;
			productType = "com.apple.product-type.application";
		};
/* End PBXNativeTarget section */

/* Begin PBXProject section */
		572C41532B5066EC7641561C /* Project object */ = {
			isa = PBXProject;
			attributes = {
				BuildIndependentTargetsInParallel = YES;
				LastUpgradeCheck = 1430;
			};
			buildConfigurationList = D17883D6A48F29A2A4DFE795 /* Build configuration list for PBXProject "Radroots" */;
			compatibilityVersion = "Xcode 14.0";
			developmentRegion = en;
			hasScannedForEncodings = 0;
			knownRegions = (
				Base,
				en,
			);
			mainGroup = C4F02317699AB4FA59315D05;
			minimizedProjectReferenceProxies = 1;
			packageReferences = (
				DA033E4B08F702473D7DDDE3 /* XCLocalSwiftPackageReference "RadrootsKit" */,
			);
			preferredProjectObjectVersion = 77;
			projectDirPath = "";
			projectRoot = "";
			targets = (
				469EC50C49E7266DF1C2000B /* Radroots */,
			);
		};
/* End PBXProject section */

/* Begin PBXResourcesBuildPhase section */
		0FB0BFB846269AC353E4AD0E /* Resources */ = {
			isa = PBXResourcesBuildPhase;
			buildActionMask = 2147483647;
			files = (
				DCE468F668A3C346E716B04C /* Assets.xcassets in Resources */,
				2B3886FD26434A54F3726591 /* Localizable.strings in Resources */,
			);
			runOnlyForDeploymentPostprocessing = 0;
		};
/* End PBXResourcesBuildPhase section */

/* Begin PBXSourcesBuildPhase section */
		78F7810CC77628CB591F8CD2 /* Sources */ = {
			isa = PBXSourcesBuildPhase;
			buildActionMask = 2147483647;
			files = (
				C22DB0F3EB2E69A34DF941E0 /* App.swift in Sources */,
				360F23EFE80FDBDC6983FB15 /* AppEntry.swift in Sources */,
				E3864E34D67BAD0744B93180 /* Bundle+Build.swift in Sources */,
				9121BD4A3E7C6EF2B21F540F /* CopyButton.swift in Sources */,
				D3834AF9A4E1327B7DA557F3 /* CopyRow.swift in Sources */,
				4025E63F6603011431B8A0E1 /* DebugDump.swift in Sources */,
				1E5B41A3E1F9A7D68F63B079 /* HomeView.swift in Sources */,
				C512BD267A3E2B8F10FABB3B /* Logger.swift in Sources */,
				F32EFF00A8A852F76657FEE1 /* PostCreateView.swift in Sources */,
				EB7C19F62D7DAB9C044D53AA /* PostDetailView.swift in Sources */,
				8B923F78BF5B680C7F6A7CE3 /* PostFeedView.swift in Sources */,
				5AECD474FB2F91855BDD79C0 /* PostFeedViewModel.swift in Sources */,
				275D4D574BF3B3C1DD746CE7 /* ProfileView.swift in Sources */,
				022DA21729F49893319717AA /* RelaysView.swift in Sources */,
				A1B921027DA7ACD7343BE250 /* SectionWideButton.swift in Sources */,
				C8AB3389F7430A5C79AD7DF8 /* SettingsView.swift in Sources */,
				2B6ACA26689B355CECBFFB57 /* SetupView.swift in Sources */,
				7FD8FB018DA09568303194B2 /* Strings.swift in Sources */,
				D62E9461833A0AA5E622A1E6 /* ToastModifier.swift in Sources */,
				B971351ABE8E79A472B4DC7D /* View+Nav.swift in Sources */,
			);
			runOnlyForDeploymentPostprocessing = 0;
		};
/* End PBXSourcesBuildPhase section */

/* Begin PBXVariantGroup section */
		8D19AA8D515FC8F5D2407378 /* Localizable.strings */ = {
			isa = PBXVariantGroup;
			children = (
				93D729E070C32490545FA837 /* en */,
			);
			name = Localizable.strings;
			sourceTree = "<group>";
		};
/* End PBXVariantGroup section */

/* Begin XCBuildConfiguration section */
		5486087B252C6EA76ADD9BB8 /* Debug */ = {
			isa = XCBuildConfiguration;
			baseConfigurationReference = B289F4B276245ABE083D777F /* Debug.xcconfig */;
			buildSettings = {
				ASSETCATALOG_COMPILER_APPICON_NAME = AppIcon;
				CODE_SIGN_IDENTITY = "iPhone Developer";
				INFOPLIST_FILE = Radroots/Info.plist;
				IPHONEOS_DEPLOYMENT_TARGET = 18.0;
				LD_RUNPATH_SEARCH_PATHS = (
					"$(inherited)",
					"@executable_path/Frameworks",
				);
				SDKROOT = iphoneos;
				SWIFT_VERSION = 6.0;
				TARGETED_DEVICE_FAMILY = "1,2";
			};
			name = Debug;
		};
		D930E9391B5B63DB518922D2 /* Release */ = {
			isa = XCBuildConfiguration;
			baseConfigurationReference = 08FA88664E5E3ED3A24D56CC /* Release.xcconfig */;
			buildSettings = {
				ASSETCATALOG_COMPILER_APPICON_NAME = AppIcon;
				CODE_SIGN_IDENTITY = "iPhone Developer";
				INFOPLIST_FILE = Radroots/Info.plist;
				IPHONEOS_DEPLOYMENT_TARGET = 18.0;
				LD_RUNPATH_SEARCH_PATHS = (
					"$(inherited)",
					"@executable_path/Frameworks",
				);
				SDKROOT = iphoneos;
				SWIFT_VERSION = 6.0;
				TARGETED_DEVICE_FAMILY = "1,2";
			};
			name = Release;
		};
		F4E5B115657562F65E2A7C00 /* Release */ = {
			isa = XCBuildConfiguration;
			buildSettings = {
				ALWAYS_SEARCH_USER_PATHS = NO;
				CLANG_ANALYZER_NONNULL = YES;
				CLANG_ANALYZER_NUMBER_OBJECT_CONVERSION = YES_AGGRESSIVE;
				CLANG_CXX_LANGUAGE_STANDARD = "gnu++14";
				CLANG_CXX_LIBRARY = "libc++";
				CLANG_ENABLE_MODULES = YES;
				CLANG_ENABLE_OBJC_ARC = YES;
				CLANG_ENABLE_OBJC_WEAK = YES;
				CLANG_WARN_BLOCK_CAPTURE_AUTORELEASING = YES;
				CLANG_WARN_BOOL_CONVERSION = YES;
				CLANG_WARN_COMMA = YES;
				CLANG_WARN_CONSTANT_CONVERSION = YES;
				CLANG_WARN_DEPRECATED_OBJC_IMPLEMENTATIONS = YES;
				CLANG_WARN_DIRECT_OBJC_ISA_USAGE = YES_ERROR;
				CLANG_WARN_DOCUMENTATION_COMMENTS = YES;
				CLANG_WARN_EMPTY_BODY = YES;
				CLANG_WARN_ENUM_CONVERSION = YES;
				CLANG_WARN_INFINITE_RECURSION = YES;
				CLANG_WARN_INT_CONVERSION = YES;
				CLANG_WARN_NON_LITERAL_NULL_CONVERSION = YES;
				CLANG_WARN_OBJC_IMPLICIT_RETAIN_SELF = YES;
				CLANG_WARN_OBJC_LITERAL_CONVERSION = YES;
				CLANG_WARN_OBJC_ROOT_CLASS = YES_ERROR;
				CLANG_WARN_QUOTED_INCLUDE_IN_FRAMEWORK_HEADER = YES;
				CLANG_WARN_RANGE_LOOP_ANALYSIS = YES;
				CLANG_WARN_STRICT_PROTOTYPES = YES;
				CLANG_WARN_SUSPICIOUS_MOVE = YES;
				CLANG_WARN_UNGUARDED_AVAILABILITY = YES_AGGRESSIVE;
				CLANG_WARN_UNREACHABLE_CODE = YES;
				CLANG_WARN__DUPLICATE_METHOD_MATCH = YES;
				COPY_PHASE_STRIP = NO;
				DEBUG_INFORMATION_FORMAT = "dwarf-with-dsym";
				ENABLE_NS_ASSERTIONS = NO;
				ENABLE_STRICT_OBJC_MSGSEND = YES;
				GCC_C_LANGUAGE_STANDARD = gnu11;
				GCC_NO_COMMON_BLOCKS = YES;
				GCC_WARN_64_TO_32_BIT_CONVERSION = YES;
				GCC_WARN_ABOUT_RETURN_TYPE = YES_ERROR;
				GCC_WARN_UNDECLARED_SELECTOR = YES;
				GCC_WARN_UNINITIALIZED_AUTOS = YES_AGGRESSIVE;
				GCC_WARN_UNUSED_FUNCTION = YES;
				GCC_WARN_UNUSED_VARIABLE = YES;
				IPHONEOS_DEPLOYMENT_TARGET = 18.0;
				MTL_ENABLE_DEBUG_INFO = NO;
				MTL_FAST_MATH = YES;
				PRODUCT_NAME = "$(TARGET_NAME)";
				SDKROOT = iphoneos;
				SWIFT_COMPILATION_MODE = wholemodule;
				SWIFT_OPTIMIZATION_LEVEL = "-O";
				SWIFT_VERSION = 5.0;
			};
			name = Release;
		};
		F4F00921D65CA3F2388F2BCC /* Debug */ = {
			isa = XCBuildConfiguration;
			buildSettings = {
				ALWAYS_SEARCH_USER_PATHS = NO;
				CLANG_ANALYZER_NONNULL = YES;
				CLANG_ANALYZER_NUMBER_OBJECT_CONVERSION = YES_AGGRESSIVE;
				CLANG_CXX_LANGUAGE_STANDARD = "gnu++14";
				CLANG_CXX_LIBRARY = "libc++";
				CLANG_ENABLE_MODULES = YES;
				CLANG_ENABLE_OBJC_ARC = YES;
				CLANG_ENABLE_OBJC_WEAK = YES;
				CLANG_WARN_BLOCK_CAPTURE_AUTORELEASING = YES;
				CLANG_WARN_BOOL_CONVERSION = YES;
				CLANG_WARN_COMMA = YES;
				CLANG_WARN_CONSTANT_CONVERSION = YES;
				CLANG_WARN_DEPRECATED_OBJC_IMPLEMENTATIONS = YES;
				CLANG_WARN_DIRECT_OBJC_ISA_USAGE = YES_ERROR;
				CLANG_WARN_DOCUMENTATION_COMMENTS = YES;
				CLANG_WARN_EMPTY_BODY = YES;
				CLANG_WARN_ENUM_CONVERSION = YES;
				CLANG_WARN_INFINITE_RECURSION = YES;
				CLANG_WARN_INT_CONVERSION = YES;
				CLANG_WARN_NON_LITERAL_NULL_CONVERSION = YES;
				CLANG_WARN_OBJC_IMPLICIT_RETAIN_SELF = YES;
				CLANG_WARN_OBJC_LITERAL_CONVERSION = YES;
				CLANG_WARN_OBJC_ROOT_CLASS = YES_ERROR;
				CLANG_WARN_QUOTED_INCLUDE_IN_FRAMEWORK_HEADER = YES;
				CLANG_WARN_RANGE_LOOP_ANALYSIS = YES;
				CLANG_WARN_STRICT_PROTOTYPES = YES;
				CLANG_WARN_SUSPICIOUS_MOVE = YES;
				CLANG_WARN_UNGUARDED_AVAILABILITY = YES_AGGRESSIVE;
				CLANG_WARN_UNREACHABLE_CODE = YES;
				CLANG_WARN__DUPLICATE_METHOD_MATCH = YES;
				COPY_PHASE_STRIP = NO;
				DEBUG_INFORMATION_FORMAT = dwarf;
				ENABLE_STRICT_OBJC_MSGSEND = YES;
				ENABLE_TESTABILITY = YES;
				GCC_C_LANGUAGE_STANDARD = gnu11;
				GCC_DYNAMIC_NO_PIC = NO;
				GCC_NO_COMMON_BLOCKS = YES;
				GCC_OPTIMIZATION_LEVEL = 0;
				GCC_PREPROCESSOR_DEFINITIONS = (
					"$(inherited)",
					"DEBUG=1",
				);
				GCC_WARN_64_TO_32_BIT_CONVERSION = YES;
				GCC_WARN_ABOUT_RETURN_TYPE = YES_ERROR;
				GCC_WARN_UNDECLARED_SELECTOR = YES;
				GCC_WARN_UNINITIALIZED_AUTOS = YES_AGGRESSIVE;
				GCC_WARN_UNUSED_FUNCTION = YES;
				GCC_WARN_UNUSED_VARIABLE = YES;
				IPHONEOS_DEPLOYMENT_TARGET = 18.0;
				MTL_ENABLE_DEBUG_INFO = INCLUDE_SOURCE;
				MTL_FAST_MATH = YES;
				ONLY_ACTIVE_ARCH = YES;
				PRODUCT_NAME = "$(TARGET_NAME)";
				SDKROOT = iphoneos;
				SWIFT_ACTIVE_COMPILATION_CONDITIONS = DEBUG;
				SWIFT_OPTIMIZATION_LEVEL = "-Onone";
				SWIFT_VERSION = 5.0;
			};
			name = Debug;
		};
/* End XCBuildConfiguration section */

/* Begin XCConfigurationList section */
		2513910CE2A2ED545A78A163 /* Build configuration list for PBXNativeTarget "Radroots" */ = {
			isa = XCConfigurationList;
			buildConfigurations = (
				5486087B252C6EA76ADD9BB8 /* Debug */,
				D930E9391B5B63DB518922D2 /* Release */,
			);
			defaultConfigurationIsVisible = 0;
			defaultConfigurationName = Debug;
		};
		D17883D6A48F29A2A4DFE795 /* Build configuration list for PBXProject "Radroots" */ = {
			isa = XCConfigurationList;
			buildConfigurations = (
				F4F00921D65CA3F2388F2BCC /* Debug */,
				F4E5B115657562F65E2A7C00 /* Release */,
			);
			defaultConfigurationIsVisible = 0;
			defaultConfigurationName = Debug;
		};
/* End XCConfigurationList section */

/* Begin XCLocalSwiftPackageReference section */
		DA033E4B08F702473D7DDDE3 /* XCLocalSwiftPackageReference "RadrootsKit" */ = {
			isa = XCLocalSwiftPackageReference;
			relativePath = RadrootsKit;
		};
/* End XCLocalSwiftPackageReference section */

/* Begin XCSwiftPackageProductDependency section */
		2DAD90EBF8EB00ACDD7611CD /* RadrootsKit */ = {
			isa = XCSwiftPackageProductDependency;
			productName = RadrootsKit;
		};
/* End XCSwiftPackageProductDependency section */
	};
	rootObject = 572C41532B5066EC7641561C /* Project object */;
}
